
Microsoft Visual Studio Solution File, Format Version 12.00
Project("{FAE04EC0-301F-11D3-BF4B-00C04F79EFBC}") = "ConferenceRoomBookingApi", "ConferenceRoomBookingApi.csproj", "{EFF8EB48-8905-4752-9CE7-59E3E3338B46}"
EndProject
Project("{2150E333-8FDC-42A3-9474-1A3956D46DE8}") = "Tests", "Tests", "{0AB3BF05-4346-4AA6-1389-037BE0695223}"
EndProject
Project("{FAE04EC0-301F-11D3-BF4B-00C04F79EFBC}") = "ConferenceRoomBookingApi.Tests", "Tests\ConferenceRoomBookingApi.Tests.csproj", "{823F108A-AB19-412F-83E3-D05008D7BCF3}"
EndProject
Global
	GlobalSection(SolutionConfigurationPlatforms) = preSolution
		Debug|Any CPU = Debug|Any CPU
		Debug|x64 = Debug|x64
		Debug|x86 = Debug|x86
		Release|Any CPU = Release|Any CPU
		Release|x64 = Release|x64
		Release|x86 = Release|x86
	EndGlobalSection
	GlobalSection(ProjectConfigurationPlatforms) = postSolution
		{EFF8EB48-8905-4752-9CE7-59E3E3338B46}.Debug|Any CPU.ActiveCfg = Debug|Any CPU
		{EFF8EB48-8905-4752-9CE7-59E3E3338B46}.Debug|Any CPU.Build.0 = Debug|Any CPU
		{EFF8EB48-8905-4752-9CE7-59E3E3338B46}.Debug|x64.ActiveCfg = Debug|Any CPU
		{EFF8EB48-8905-4752-9CE7-59E3E3338B46}.Debug|x64.Build.0 = Debug|Any CPU
		{EFF8EB48-8905-4752-9CE7-59E3E3338B46}.Debug|x86.ActiveCfg = Debug|Any CPU
		{EFF8EB48-8905-4752-9CE7-59E3E3338B46}.Debug|x86.Build.0 = Debug|Any CPU
		{EFF8EB48-8905-4752-9CE7-59E3E3338B46}.Release|Any CPU.ActiveCfg = Release|Any CPU
		{EFF8EB48-8905-4752-9CE7-59E3E3338B46}.Release|Any CPU.Build.0 = Release|Any CPU
		{EFF8EB48-8905-4752-9CE7-59E3E3338B46}.Release|x64.ActiveCfg = Release|Any CPU
		{EFF8EB48-8905-4752-9CE7-59E3E3338B46}.Release|x64.Build.0 = Release|Any CPU
		{EFF8EB48-8905-4752-9CE7-59E3E3338B46}.Release|x86.ActiveCfg = Release|Any CPU
		{EFF8EB48-8905-4752-9CE7-59E3E3338B46}.Release|x86.Build.0 = Release|Any CPU
		{823F108A-AB19-412F-83E3-D05008D7BCF3}.Debug|Any CPU.ActiveCfg = Debug|Any CPU
		{823F108A-AB19-412F-83E3-D05008D7BCF3}.Debug|Any CPU.Build.0 = Debug|Any CPU
		{823F108A-AB19-412F-83E3-D05008D7BCF3}.Debug|x64.ActiveCfg = Debug|Any CPU
		{823F108A-AB19-412F-83E3-D05008D7BCF3}.Debug|x64.Build.0 = Debug|Any CPU
		{823F108A-AB19-412F-83E3-D05008D7BCF3}.Debug|x86.ActiveCfg = Debug|Any CPU
		{823F108A-AB19-412F-83E3-D05008D7BCF3}.Debug|x86.Build.0 = Debug|Any CPU
		{823F108A-AB19-412F-83E3-D05008D7BCF3}.Release|Any CPU.ActiveCfg = Release|Any CPU
		{823F108A-AB19-412F-83E3-D05008D7BCF3}.Release|Any CPU.Build.0 = Release|Any CPU
		{823F108A-AB19-412F-83E3-D05008D7BCF3}.Release|x64.ActiveCfg = Release|Any CPU
		{823F108A-AB19-412F-83E3-D05008D7BCF3}.Release|x64.Build.0 = Release|Any CPU
		{823F108A-AB19-412F-83E3-D05008D7BCF3}.Release|x86.ActiveCfg = Release|Any CPU
		{823F108A-AB19-412F-83E3-D05008D7BCF3}.Release|x86.Build.0 = Release|Any CPU
	EndGlobalSection
	GlobalSection(SolutionProperties) = preSolution
		HideSolutionNode = FALSE
	EndGlobalSection
	GlobalSection(NestedProjects) = preSolution
		{823F108A-AB19-412F-83E3-D05008D7BCF3} = {0AB3BF05-4346-4AA6-1389-037BE0695223}
	EndGlobalSection
EndGlobal
